
Microsoft Visual Studio Solution File, Format Version 12.00
# Visual Studio 15
VisualStudioVersion = 15.0.26730.8
MinimumVisualStudioVersion = 10.0.40219.1
Project("{FAE04EC0-301F-11D3-BF4B-00C04F79EFBC}") = "ConsoleApp1", "ConsoleApp1\ConsoleApp1.csproj", "{5B8C77C4-8758-4431-BFC4-B518C76B48CA}"
EndProject
Global
	GlobalSection(SolutionConfigurationPlatforms) = preSolution
		Debug|Any CPU = Debug|Any CPU
		Release|Any CPU = Release|Any CPU
	EndGlobalSection
	GlobalSection(ProjectConfigurationPlatforms) = postSolution
		{5B8C77C4-8758-4431-BFC4-B518C76B48CA}.Debug|Any CPU.ActiveCfg = Debug|Any CPU
		{5B8C77C4-8758-4431-BFC4-B518C76B48CA}.Debug|Any CPU.Build.0 = Debug|Any CPU
		{5B8C77C4-8758-4431-BFC4-B518C76B48CA}.Release|Any CPU.ActiveCfg = Release|Any CPU
		{5B8C77C4-8758-4431-BFC4-B518C76B48CA}.Release|Any CPU.Build.0 = Release|Any CPU
	EndGlobalSection
	GlobalSection(SolutionProperties) = preSolution
		HideSolutionNode = FALSE
	EndGlobalSection
	GlobalSection(ExtensibilityGlobals) = postSolution
		SolutionGuid = {AB3D6E35-8D90-4E3B-9352-27BCB591BABE}
	EndGlobalSection
EndGlobal
